
Microsoft Visual Studio Solution File, Format Version 12.00
# Visual Studio Version 17
VisualStudioVersion = 17.0.31903.59
MinimumVisualStudioVersion = 10.0.40219.1
Project("{2150E333-8FDC-42A3-9474-1A3956D46DE8}") = "src", "src", "{4D065489-2749-4753-AC08-E0A87B497A49}"
EndProject
Project("{FAE04EC0-301F-11D3-BF4B-00C04F79EFBC}") = "Domain", "src\Domain\Domain.csproj", "{B5920205-EBD3-47B8-826B-B749C3333201}"
EndProject
Project("{FAE04EC0-301F-11D3-BF4B-00C04F79EFBC}") = "IBusinessLogic", "src\IBusinessLogic\IBusinessLogic.csproj", "{8826BE24-83D9-4063-982E-88DC36CD6CBE}"
EndProject
Project("{FAE04EC0-301F-11D3-BF4B-00C04F79EFBC}") = "Models", "src\Models\Models.csproj", "{46C4BE04-396C-4AD4-BF34-D1E59DA334F5}"
EndProject
Project("{2150E333-8FDC-42A3-9474-1A3956D46DE8}") = "tests", "tests", "{881BA8AE-B0E2-486E-88A1-00643F2FDBA8}"
EndProject
Project("{FAE04EC0-301F-11D3-BF4B-00C04F79EFBC}") = "WebApi", "src\WebApi\WebApi.csproj", "{4102D8A9-FE44-4B1F-89FA-1A80D566C05A}"
EndProject
Project("{FAE04EC0-301F-11D3-BF4B-00C04F79EFBC}") = "Tests", "tests\Tests.csproj", "{A659707F-40F4-4A16-BBDF-E536B6ECDFAC}"
EndProject
Project("{FAE04EC0-301F-11D3-BF4B-00C04F79EFBC}") = "Adapter", "src\Adapter\Adapter.csproj", "{58A69A48-97E4-49EA-A51D-D6039F41D95D}"
EndProject
Project("{FAE04EC0-301F-11D3-BF4B-00C04F79EFBC}") = "IAdapter", "src\IAdapter\IAdapter.csproj", "{0312520B-E508-45DF-9B66-1B14F5A05B85}"
EndProject
Project("{FAE04EC0-301F-11D3-BF4B-00C04F79EFBC}") = "IDataAccess", "src\IDataAccess\IDataAccess.csproj", "{C5FD91A0-E80F-437B-8E10-B8C9B8913928}"
EndProject
Project("{FAE04EC0-301F-11D3-BF4B-00C04F79EFBC}") = "BusinessLogic", "src\BusinessLogic\BusinessLogic.csproj", "{5B39BD9D-B9B3-444D-9CD6-433EA9ADF24F}"
EndProject
Project("{FAE04EC0-301F-11D3-BF4B-00C04F79EFBC}") = "DataAccess", "src\DataAccess\DataAccess.csproj", "{20D7AD08-A82B-4A6A-8382-23C62CF490F7}"
EndProject
Project("{FAE04EC0-301F-11D3-BF4B-00C04F79EFBC}") = "ServiceFactory", "src\ServiceFactory\ServiceFactory.csproj", "{1DCBCD9F-0EC4-429F-B507-FD186DD0F419}"
EndProject
Project("{FAE04EC0-301F-11D3-BF4B-00C04F79EFBC}") = "Transformers.Abstractions", "src\Transformers.Abstractions\Transformers.Abstractions.csproj", "{9C0728C0-1151-4905-A917-3C2E463D5724}"
EndProject
Global
	GlobalSection(SolutionConfigurationPlatforms) = preSolution
		Debug|Any CPU = Debug|Any CPU
		Debug|x64 = Debug|x64
		Debug|x86 = Debug|x86
		Release|Any CPU = Release|Any CPU
		Release|x64 = Release|x64
		Release|x86 = Release|x86
	EndGlobalSection
	GlobalSection(ProjectConfigurationPlatforms) = postSolution
		{B5920205-EBD3-47B8-826B-B749C3333201}.Debug|Any CPU.ActiveCfg = Debug|Any CPU
		{B5920205-EBD3-47B8-826B-B749C3333201}.Debug|Any CPU.Build.0 = Debug|Any CPU
		{B5920205-EBD3-47B8-826B-B749C3333201}.Debug|x64.ActiveCfg = Debug|Any CPU
		{B5920205-EBD3-47B8-826B-B749C3333201}.Debug|x64.Build.0 = Debug|Any CPU
		{B5920205-EBD3-47B8-826B-B749C3333201}.Debug|x86.ActiveCfg = Debug|Any CPU
		{B5920205-EBD3-47B8-826B-B749C3333201}.Debug|x86.Build.0 = Debug|Any CPU
		{B5920205-EBD3-47B8-826B-B749C3333201}.Release|Any CPU.ActiveCfg = Release|Any CPU
		{B5920205-EBD3-47B8-826B-B749C3333201}.Release|Any CPU.Build.0 = Release|Any CPU
		{B5920205-EBD3-47B8-826B-B749C3333201}.Release|x64.ActiveCfg = Release|Any CPU
		{B5920205-EBD3-47B8-826B-B749C3333201}.Release|x64.Build.0 = Release|Any CPU
		{B5920205-EBD3-47B8-826B-B749C3333201}.Release|x86.ActiveCfg = Release|Any CPU
		{B5920205-EBD3-47B8-826B-B749C3333201}.Release|x86.Build.0 = Release|Any CPU
		{8826BE24-83D9-4063-982E-88DC36CD6CBE}.Debug|Any CPU.ActiveCfg = Debug|Any CPU
		{8826BE24-83D9-4063-982E-88DC36CD6CBE}.Debug|Any CPU.Build.0 = Debug|Any CPU
		{8826BE24-83D9-4063-982E-88DC36CD6CBE}.Debug|x64.ActiveCfg = Debug|Any CPU
		{8826BE24-83D9-4063-982E-88DC36CD6CBE}.Debug|x64.Build.0 = Debug|Any CPU
		{8826BE24-83D9-4063-982E-88DC36CD6CBE}.Debug|x86.ActiveCfg = Debug|Any CPU
		{8826BE24-83D9-4063-982E-88DC36CD6CBE}.Debug|x86.Build.0 = Debug|Any CPU
		{8826BE24-83D9-4063-982E-88DC36CD6CBE}.Release|Any CPU.ActiveCfg = Release|Any CPU
		{8826BE24-83D9-4063-982E-88DC36CD6CBE}.Release|Any CPU.Build.0 = Release|Any CPU
		{8826BE24-83D9-4063-982E-88DC36CD6CBE}.Release|x64.ActiveCfg = Release|Any CPU
		{8826BE24-83D9-4063-982E-88DC36CD6CBE}.Release|x64.Build.0 = Release|Any CPU
		{8826BE24-83D9-4063-982E-88DC36CD6CBE}.Release|x86.ActiveCfg = Release|Any CPU
		{8826BE24-83D9-4063-982E-88DC36CD6CBE}.Release|x86.Build.0 = Release|Any CPU
		{46C4BE04-396C-4AD4-BF34-D1E59DA334F5}.Debug|Any CPU.ActiveCfg = Debug|Any CPU
		{46C4BE04-396C-4AD4-BF34-D1E59DA334F5}.Debug|Any CPU.Build.0 = Debug|Any CPU
		{46C4BE04-396C-4AD4-BF34-D1E59DA334F5}.Debug|x64.ActiveCfg = Debug|Any CPU
		{46C4BE04-396C-4AD4-BF34-D1E59DA334F5}.Debug|x64.Build.0 = Debug|Any CPU
		{46C4BE04-396C-4AD4-BF34-D1E59DA334F5}.Debug|x86.ActiveCfg = Debug|Any CPU
		{46C4BE04-396C-4AD4-BF34-D1E59DA334F5}.Debug|x86.Build.0 = Debug|Any CPU
		{46C4BE04-396C-4AD4-BF34-D1E59DA334F5}.Release|Any CPU.ActiveCfg = Release|Any CPU
		{46C4BE04-396C-4AD4-BF34-D1E59DA334F5}.Release|Any CPU.Build.0 = Release|Any CPU
		{46C4BE04-396C-4AD4-BF34-D1E59DA334F5}.Release|x64.ActiveCfg = Release|Any CPU
		{46C4BE04-396C-4AD4-BF34-D1E59DA334F5}.Release|x64.Build.0 = Release|Any CPU
		{46C4BE04-396C-4AD4-BF34-D1E59DA334F5}.Release|x86.ActiveCfg = Release|Any CPU
		{46C4BE04-396C-4AD4-BF34-D1E59DA334F5}.Release|x86.Build.0 = Release|Any CPU
		{4102D8A9-FE44-4B1F-89FA-1A80D566C05A}.Debug|Any CPU.ActiveCfg = Debug|Any CPU
		{4102D8A9-FE44-4B1F-89FA-1A80D566C05A}.Debug|Any CPU.Build.0 = Debug|Any CPU
		{4102D8A9-FE44-4B1F-89FA-1A80D566C05A}.Debug|x64.ActiveCfg = Debug|Any CPU
		{4102D8A9-FE44-4B1F-89FA-1A80D566C05A}.Debug|x64.Build.0 = Debug|Any CPU
		{4102D8A9-FE44-4B1F-89FA-1A80D566C05A}.Debug|x86.ActiveCfg = Debug|Any CPU
		{4102D8A9-FE44-4B1F-89FA-1A80D566C05A}.Debug|x86.Build.0 = Debug|Any CPU
		{4102D8A9-FE44-4B1F-89FA-1A80D566C05A}.Release|Any CPU.ActiveCfg = Release|Any CPU
		{4102D8A9-FE44-4B1F-89FA-1A80D566C05A}.Release|Any CPU.Build.0 = Release|Any CPU
		{4102D8A9-FE44-4B1F-89FA-1A80D566C05A}.Release|x64.ActiveCfg = Release|Any CPU
		{4102D8A9-FE44-4B1F-89FA-1A80D566C05A}.Release|x64.Build.0 = Release|Any CPU
		{4102D8A9-FE44-4B1F-89FA-1A80D566C05A}.Release|x86.ActiveCfg = Release|Any CPU
		{4102D8A9-FE44-4B1F-89FA-1A80D566C05A}.Release|x86.Build.0 = Release|Any CPU
		{A659707F-40F4-4A16-BBDF-E536B6ECDFAC}.Debug|Any CPU.ActiveCfg = Debug|Any CPU
		{A659707F-40F4-4A16-BBDF-E536B6ECDFAC}.Debug|Any CPU.Build.0 = Debug|Any CPU
		{A659707F-40F4-4A16-BBDF-E536B6ECDFAC}.Debug|x64.ActiveCfg = Debug|Any CPU
		{A659707F-40F4-4A16-BBDF-E536B6ECDFAC}.Debug|x64.Build.0 = Debug|Any CPU
		{A659707F-40F4-4A16-BBDF-E536B6ECDFAC}.Debug|x86.ActiveCfg = Debug|Any CPU
		{A659707F-40F4-4A16-BBDF-E536B6ECDFAC}.Debug|x86.Build.0 = Debug|Any CPU
		{A659707F-40F4-4A16-BBDF-E536B6ECDFAC}.Release|Any CPU.ActiveCfg = Release|Any CPU
		{A659707F-40F4-4A16-BBDF-E536B6ECDFAC}.Release|Any CPU.Build.0 = Release|Any CPU
		{A659707F-40F4-4A16-BBDF-E536B6ECDFAC}.Release|x64.ActiveCfg = Release|Any CPU
		{A659707F-40F4-4A16-BBDF-E536B6ECDFAC}.Release|x64.Build.0 = Release|Any CPU
		{A659707F-40F4-4A16-BBDF-E536B6ECDFAC}.Release|x86.ActiveCfg = Release|Any CPU
		{A659707F-40F4-4A16-BBDF-E536B6ECDFAC}.Release|x86.Build.0 = Release|Any CPU
		{58A69A48-97E4-49EA-A51D-D6039F41D95D}.Debug|Any CPU.ActiveCfg = Debug|Any CPU
		{58A69A48-97E4-49EA-A51D-D6039F41D95D}.Debug|Any CPU.Build.0 = Debug|Any CPU
		{58A69A48-97E4-49EA-A51D-D6039F41D95D}.Debug|x64.ActiveCfg = Debug|Any CPU
		{58A69A48-97E4-49EA-A51D-D6039F41D95D}.Debug|x64.Build.0 = Debug|Any CPU
		{58A69A48-97E4-49EA-A51D-D6039F41D95D}.Debug|x86.ActiveCfg = Debug|Any CPU
		{58A69A48-97E4-49EA-A51D-D6039F41D95D}.Debug|x86.Build.0 = Debug|Any CPU
		{58A69A48-97E4-49EA-A51D-D6039F41D95D}.Release|Any CPU.ActiveCfg = Release|Any CPU
		{58A69A48-97E4-49EA-A51D-D6039F41D95D}.Release|Any CPU.Build.0 = Release|Any CPU
		{58A69A48-97E4-49EA-A51D-D6039F41D95D}.Release|x64.ActiveCfg = Release|Any CPU
		{58A69A48-97E4-49EA-A51D-D6039F41D95D}.Release|x64.Build.0 = Release|Any CPU
		{58A69A48-97E4-49EA-A51D-D6039F41D95D}.Release|x86.ActiveCfg = Release|Any CPU
		{58A69A48-97E4-49EA-A51D-D6039F41D95D}.Release|x86.Build.0 = Release|Any CPU
		{0312520B-E508-45DF-9B66-1B14F5A05B85}.Debug|Any CPU.ActiveCfg = Debug|Any CPU
		{0312520B-E508-45DF-9B66-1B14F5A05B85}.Debug|Any CPU.Build.0 = Debug|Any CPU
		{0312520B-E508-45DF-9B66-1B14F5A05B85}.Debug|x64.ActiveCfg = Debug|Any CPU
		{0312520B-E508-45DF-9B66-1B14F5A05B85}.Debug|x64.Build.0 = Debug|Any CPU
		{0312520B-E508-45DF-9B66-1B14F5A05B85}.Debug|x86.ActiveCfg = Debug|Any CPU
		{0312520B-E508-45DF-9B66-1B14F5A05B85}.Debug|x86.Build.0 = Debug|Any CPU
		{0312520B-E508-45DF-9B66-1B14F5A05B85}.Release|Any CPU.ActiveCfg = Release|Any CPU
		{0312520B-E508-45DF-9B66-1B14F5A05B85}.Release|Any CPU.Build.0 = Release|Any CPU
		{0312520B-E508-45DF-9B66-1B14F5A05B85}.Release|x64.ActiveCfg = Release|Any CPU
		{0312520B-E508-45DF-9B66-1B14F5A05B85}.Release|x64.Build.0 = Release|Any CPU
		{0312520B-E508-45DF-9B66-1B14F5A05B85}.Release|x86.ActiveCfg = Release|Any CPU
		{0312520B-E508-45DF-9B66-1B14F5A05B85}.Release|x86.Build.0 = Release|Any CPU
		{C5FD91A0-E80F-437B-8E10-B8C9B8913928}.Debug|Any CPU.ActiveCfg = Debug|Any CPU
		{C5FD91A0-E80F-437B-8E10-B8C9B8913928}.Debug|Any CPU.Build.0 = Debug|Any CPU
		{C5FD91A0-E80F-437B-8E10-B8C9B8913928}.Debug|x64.ActiveCfg = Debug|Any CPU
		{C5FD91A0-E80F-437B-8E10-B8C9B8913928}.Debug|x64.Build.0 = Debug|Any CPU
		{C5FD91A0-E80F-437B-8E10-B8C9B8913928}.Debug|x86.ActiveCfg = Debug|Any CPU
		{C5FD91A0-E80F-437B-8E10-B8C9B8913928}.Debug|x86.Build.0 = Debug|Any CPU
		{C5FD91A0-E80F-437B-8E10-B8C9B8913928}.Release|Any CPU.ActiveCfg = Release|Any CPU
		{C5FD91A0-E80F-437B-8E10-B8C9B8913928}.Release|Any CPU.Build.0 = Release|Any CPU
		{C5FD91A0-E80F-437B-8E10-B8C9B8913928}.Release|x64.ActiveCfg = Release|Any CPU
		{C5FD91A0-E80F-437B-8E10-B8C9B8913928}.Release|x64.Build.0 = Release|Any CPU
		{C5FD91A0-E80F-437B-8E10-B8C9B8913928}.Release|x86.ActiveCfg = Release|Any CPU
		{C5FD91A0-E80F-437B-8E10-B8C9B8913928}.Release|x86.Build.0 = Release|Any CPU
		{5B39BD9D-B9B3-444D-9CD6-433EA9ADF24F}.Debug|Any CPU.ActiveCfg = Debug|Any CPU
		{5B39BD9D-B9B3-444D-9CD6-433EA9ADF24F}.Debug|Any CPU.Build.0 = Debug|Any CPU
		{5B39BD9D-B9B3-444D-9CD6-433EA9ADF24F}.Debug|x64.ActiveCfg = Debug|Any CPU
		{5B39BD9D-B9B3-444D-9CD6-433EA9ADF24F}.Debug|x64.Build.0 = Debug|Any CPU
		{5B39BD9D-B9B3-444D-9CD6-433EA9ADF24F}.Debug|x86.ActiveCfg = Debug|Any CPU
		{5B39BD9D-B9B3-444D-9CD6-433EA9ADF24F}.Debug|x86.Build.0 = Debug|Any CPU
		{5B39BD9D-B9B3-444D-9CD6-433EA9ADF24F}.Release|Any CPU.ActiveCfg = Release|Any CPU
		{5B39BD9D-B9B3-444D-9CD6-433EA9ADF24F}.Release|Any CPU.Build.0 = Release|Any CPU
		{5B39BD9D-B9B3-444D-9CD6-433EA9ADF24F}.Release|x64.ActiveCfg = Release|Any CPU
		{5B39BD9D-B9B3-444D-9CD6-433EA9ADF24F}.Release|x64.Build.0 = Release|Any CPU
		{5B39BD9D-B9B3-444D-9CD6-433EA9ADF24F}.Release|x86.ActiveCfg = Release|Any CPU
		{5B39BD9D-B9B3-444D-9CD6-433EA9ADF24F}.Release|x86.Build.0 = Release|Any CPU
		{20D7AD08-A82B-4A6A-8382-23C62CF490F7}.Debug|Any CPU.ActiveCfg = Debug|Any CPU
		{20D7AD08-A82B-4A6A-8382-23C62CF490F7}.Debug|Any CPU.Build.0 = Debug|Any CPU
		{20D7AD08-A82B-4A6A-8382-23C62CF490F7}.Debug|x64.ActiveCfg = Debug|Any CPU
		{20D7AD08-A82B-4A6A-8382-23C62CF490F7}.Debug|x64.Build.0 = Debug|Any CPU
		{20D7AD08-A82B-4A6A-8382-23C62CF490F7}.Debug|x86.ActiveCfg = Debug|Any CPU
		{20D7AD08-A82B-4A6A-8382-23C62CF490F7}.Debug|x86.Build.0 = Debug|Any CPU
		{20D7AD08-A82B-4A6A-8382-23C62CF490F7}.Release|Any CPU.ActiveCfg = Release|Any CPU
		{20D7AD08-A82B-4A6A-8382-23C62CF490F7}.Release|Any CPU.Build.0 = Release|Any CPU
		{20D7AD08-A82B-4A6A-8382-23C62CF490F7}.Release|x64.ActiveCfg = Release|Any CPU
		{20D7AD08-A82B-4A6A-8382-23C62CF490F7}.Release|x64.Build.0 = Release|Any CPU
		{20D7AD08-A82B-4A6A-8382-23C62CF490F7}.Release|x86.ActiveCfg = Release|Any CPU
		{20D7AD08-A82B-4A6A-8382-23C62CF490F7}.Release|x86.Build.0 = Release|Any CPU
		{1DCBCD9F-0EC4-429F-B507-FD186DD0F419}.Debug|Any CPU.ActiveCfg = Debug|Any CPU
		{1DCBCD9F-0EC4-429F-B507-FD186DD0F419}.Debug|Any CPU.Build.0 = Debug|Any CPU
		{1DCBCD9F-0EC4-429F-B507-FD186DD0F419}.Debug|x64.ActiveCfg = Debug|Any CPU
		{1DCBCD9F-0EC4-429F-B507-FD186DD0F419}.Debug|x64.Build.0 = Debug|Any CPU
		{1DCBCD9F-0EC4-429F-B507-FD186DD0F419}.Debug|x86.ActiveCfg = Debug|Any CPU
		{1DCBCD9F-0EC4-429F-B507-FD186DD0F419}.Debug|x86.Build.0 = Debug|Any CPU
		{1DCBCD9F-0EC4-429F-B507-FD186DD0F419}.Release|Any CPU.ActiveCfg = Release|Any CPU
		{1DCBCD9F-0EC4-429F-B507-FD186DD0F419}.Release|Any CPU.Build.0 = Release|Any CPU
		{1DCBCD9F-0EC4-429F-B507-FD186DD0F419}.Release|x64.ActiveCfg = Release|Any CPU
		{1DCBCD9F-0EC4-429F-B507-FD186DD0F419}.Release|x64.Build.0 = Release|Any CPU
		{1DCBCD9F-0EC4-429F-B507-FD186DD0F419}.Release|x86.ActiveCfg = Release|Any CPU
		{1DCBCD9F-0EC4-429F-B507-FD186DD0F419}.Release|x86.Build.0 = Release|Any CPU
		{9C0728C0-1151-4905-A917-3C2E463D5724}.Debug|Any CPU.ActiveCfg = Debug|Any CPU
		{9C0728C0-1151-4905-A917-3C2E463D5724}.Debug|Any CPU.Build.0 = Debug|Any CPU
		{9C0728C0-1151-4905-A917-3C2E463D5724}.Debug|x64.ActiveCfg = Debug|Any CPU
		{9C0728C0-1151-4905-A917-3C2E463D5724}.Debug|x64.Build.0 = Debug|Any CPU
		{9C0728C0-1151-4905-A917-3C2E463D5724}.Debug|x86.ActiveCfg = Debug|Any CPU
		{9C0728C0-1151-4905-A917-3C2E463D5724}.Debug|x86.Build.0 = Debug|Any CPU
		{9C0728C0-1151-4905-A917-3C2E463D5724}.Release|Any CPU.ActiveCfg = Release|Any CPU
		{9C0728C0-1151-4905-A917-3C2E463D5724}.Release|Any CPU.Build.0 = Release|Any CPU
		{9C0728C0-1151-4905-A917-3C2E463D5724}.Release|x64.ActiveCfg = Release|Any CPU
		{9C0728C0-1151-4905-A917-3C2E463D5724}.Release|x64.Build.0 = Release|Any CPU
		{9C0728C0-1151-4905-A917-3C2E463D5724}.Release|x86.ActiveCfg = Release|Any CPU
		{9C0728C0-1151-4905-A917-3C2E463D5724}.Release|x86.Build.0 = Release|Any CPU
	EndGlobalSection
	GlobalSection(SolutionProperties) = preSolution
		HideSolutionNode = FALSE
	EndGlobalSection
	GlobalSection(NestedProjects) = preSolution
		{B5920205-EBD3-47B8-826B-B749C3333201} = {4D065489-2749-4753-AC08-E0A87B497A49}
		{8826BE24-83D9-4063-982E-88DC36CD6CBE} = {4D065489-2749-4753-AC08-E0A87B497A49}
		{46C4BE04-396C-4AD4-BF34-D1E59DA334F5} = {4D065489-2749-4753-AC08-E0A87B497A49}
		{4102D8A9-FE44-4B1F-89FA-1A80D566C05A} = {4D065489-2749-4753-AC08-E0A87B497A49}
		{A659707F-40F4-4A16-BBDF-E536B6ECDFAC} = {881BA8AE-B0E2-486E-88A1-00643F2FDBA8}
		{58A69A48-97E4-49EA-A51D-D6039F41D95D} = {4D065489-2749-4753-AC08-E0A87B497A49}
		{0312520B-E508-45DF-9B66-1B14F5A05B85} = {4D065489-2749-4753-AC08-E0A87B497A49}
		{C5FD91A0-E80F-437B-8E10-B8C9B8913928} = {4D065489-2749-4753-AC08-E0A87B497A49}
		{5B39BD9D-B9B3-444D-9CD6-433EA9ADF24F} = {4D065489-2749-4753-AC08-E0A87B497A49}
		{20D7AD08-A82B-4A6A-8382-23C62CF490F7} = {4D065489-2749-4753-AC08-E0A87B497A49}
		{1DCBCD9F-0EC4-429F-B507-FD186DD0F419} = {4D065489-2749-4753-AC08-E0A87B497A49}
		{9C0728C0-1151-4905-A917-3C2E463D5724} = {4D065489-2749-4753-AC08-E0A87B497A49}
	EndGlobalSection
	GlobalSection(ExtensibilityGlobals) = postSolution
		SolutionGuid = {CA1F0951-199D-4B21-A5B2-1CD9135C3D07}
	EndGlobalSection
EndGlobal
